
Microsoft Visual Studio Solution File, Format Version 12.00
# Visual Studio 2012
Project("{F184B08F-C81C-45F6-A57F-5ABD9991F28F}") = "Tugas Penerimaan Nomor Urut", "Tugas Penerimaan Nomor Urut\Tugas Penerimaan Nomor Urut.vbproj", "{E9D531CA-CD15-480E-B02F-0A23881C0ABD}"
EndProject
Global
	GlobalSection(SolutionConfigurationPlatforms) = preSolution
		Debug|Any CPU = Debug|Any CPU
		Release|Any CPU = Release|Any CPU
	EndGlobalSection
	GlobalSection(ProjectConfigurationPlatforms) = postSolution
		{E9D531CA-CD15-480E-B02F-0A23881C0ABD}.Debug|Any CPU.ActiveCfg = Debug|Any CPU
		{E9D531CA-CD15-480E-B02F-0A23881C0ABD}.Debug|Any CPU.Build.0 = Debug|Any CPU
		{E9D531CA-CD15-480E-B02F-0A23881C0ABD}.Release|Any CPU.ActiveCfg = Release|Any CPU
		{E9D531CA-CD15-480E-B02F-0A23881C0ABD}.Release|Any CPU.Build.0 = Release|Any CPU
	EndGlobalSection
	GlobalSection(SolutionProperties) = preSolution
		HideSolutionNode = FALSE
	EndGlobalSection
EndGlobal
