
Microsoft Visual Studio Solution File, Format Version 12.00
# Visual Studio 2012
Project("{F184B08F-C81C-45F6-A57F-5ABD9991F28F}") = "FunctionHitung", "FunctionHitung\FunctionHitung.vbproj", "{941E1771-21CD-4C01-BAA6-36BA83FC5026}"
EndProject
Global
	GlobalSection(SolutionConfigurationPlatforms) = preSolution
		Debug|Any CPU = Debug|Any CPU
		Release|Any CPU = Release|Any CPU
	EndGlobalSection
	GlobalSection(ProjectConfigurationPlatforms) = postSolution
		{941E1771-21CD-4C01-BAA6-36BA83FC5026}.Debug|Any CPU.ActiveCfg = Debug|Any CPU
		{941E1771-21CD-4C01-BAA6-36BA83FC5026}.Debug|Any CPU.Build.0 = Debug|Any CPU
		{941E1771-21CD-4C01-BAA6-36BA83FC5026}.Release|Any CPU.ActiveCfg = Release|Any CPU
		{941E1771-21CD-4C01-BAA6-36BA83FC5026}.Release|Any CPU.Build.0 = Release|Any CPU
	EndGlobalSection
	GlobalSection(SolutionProperties) = preSolution
		HideSolutionNode = FALSE
	EndGlobalSection
EndGlobal
