
Microsoft Visual Studio Solution File, Format Version 12.00
# Visual Studio 2012
Project("{F184B08F-C81C-45F6-A57F-5ABD9991F28F}") = "Function2Faktorial", "Function2Faktorial\Function2Faktorial.vbproj", "{94C9C164-0A38-4B71-B5ED-57A276F24F04}"
EndProject
Global
	GlobalSection(SolutionConfigurationPlatforms) = preSolution
		Debug|Any CPU = Debug|Any CPU
		Release|Any CPU = Release|Any CPU
	EndGlobalSection
	GlobalSection(ProjectConfigurationPlatforms) = postSolution
		{94C9C164-0A38-4B71-B5ED-57A276F24F04}.Debug|Any CPU.ActiveCfg = Debug|Any CPU
		{94C9C164-0A38-4B71-B5ED-57A276F24F04}.Debug|Any CPU.Build.0 = Debug|Any CPU
		{94C9C164-0A38-4B71-B5ED-57A276F24F04}.Release|Any CPU.ActiveCfg = Release|Any CPU
		{94C9C164-0A38-4B71-B5ED-57A276F24F04}.Release|Any CPU.Build.0 = Release|Any CPU
	EndGlobalSection
	GlobalSection(SolutionProperties) = preSolution
		HideSolutionNode = FALSE
	EndGlobalSection
EndGlobal
